
Microsoft Visual Studio Solution File, Format Version 12.00
# Visual Studio Version 17
VisualStudioVersion = 17.5.2.0
MinimumVisualStudioVersion = 10.0.40219.1
Project("{FAE04EC0-301F-11D3-BF4B-00C04F79EFBC}") = "Sample", "Sample\Sample.csproj", "{A9090094-927B-4D37-846D-76AB88FEE1AB}"
EndProject
Project("{FAE04EC0-301F-11D3-BF4B-00C04F79EFBC}") = "NeoFileMagic", "NeoFileMagic\NeoFileMagic.csproj", "{4EC4DF38-F590-492C-B47C-B4C216C7114C}"
EndProject
Project("{FAE04EC0-301F-11D3-BF4B-00C04F79EFBC}") = "NeoFileMagic.Tests", "NeoFileMagic.Tests\NeoFileMagic.Tests.csproj", "{51BB3EBA-6881-4BD1-95EC-FA8FB70C8CC3}"
EndProject
Global
	GlobalSection(SolutionConfigurationPlatforms) = preSolution
		Debug|Any CPU = Debug|Any CPU
		Debug|x64 = Debug|x64
		Debug|x86 = Debug|x86
		Release|Any CPU = Release|Any CPU
		Release|x64 = Release|x64
		Release|x86 = Release|x86
	EndGlobalSection
	GlobalSection(ProjectConfigurationPlatforms) = postSolution
		{A9090094-927B-4D37-846D-76AB88FEE1AB}.Debug|Any CPU.ActiveCfg = Debug|Any CPU
		{A9090094-927B-4D37-846D-76AB88FEE1AB}.Debug|Any CPU.Build.0 = Debug|Any CPU
		{A9090094-927B-4D37-846D-76AB88FEE1AB}.Debug|x64.ActiveCfg = Debug|Any CPU
		{A9090094-927B-4D37-846D-76AB88FEE1AB}.Debug|x64.Build.0 = Debug|Any CPU
		{A9090094-927B-4D37-846D-76AB88FEE1AB}.Debug|x86.ActiveCfg = Debug|Any CPU
		{A9090094-927B-4D37-846D-76AB88FEE1AB}.Debug|x86.Build.0 = Debug|Any CPU
		{A9090094-927B-4D37-846D-76AB88FEE1AB}.Release|Any CPU.ActiveCfg = Release|Any CPU
		{A9090094-927B-4D37-846D-76AB88FEE1AB}.Release|Any CPU.Build.0 = Release|Any CPU
		{A9090094-927B-4D37-846D-76AB88FEE1AB}.Release|x64.ActiveCfg = Release|Any CPU
		{A9090094-927B-4D37-846D-76AB88FEE1AB}.Release|x64.Build.0 = Release|Any CPU
		{A9090094-927B-4D37-846D-76AB88FEE1AB}.Release|x86.ActiveCfg = Release|Any CPU
		{A9090094-927B-4D37-846D-76AB88FEE1AB}.Release|x86.Build.0 = Release|Any CPU
		{4EC4DF38-F590-492C-B47C-B4C216C7114C}.Debug|Any CPU.ActiveCfg = Debug|Any CPU
		{4EC4DF38-F590-492C-B47C-B4C216C7114C}.Debug|Any CPU.Build.0 = Debug|Any CPU
		{4EC4DF38-F590-492C-B47C-B4C216C7114C}.Debug|x64.ActiveCfg = Debug|Any CPU
		{4EC4DF38-F590-492C-B47C-B4C216C7114C}.Debug|x64.Build.0 = Debug|Any CPU
		{4EC4DF38-F590-492C-B47C-B4C216C7114C}.Debug|x86.ActiveCfg = Debug|Any CPU
		{4EC4DF38-F590-492C-B47C-B4C216C7114C}.Debug|x86.Build.0 = Debug|Any CPU
		{4EC4DF38-F590-492C-B47C-B4C216C7114C}.Release|Any CPU.ActiveCfg = Release|Any CPU
		{4EC4DF38-F590-492C-B47C-B4C216C7114C}.Release|Any CPU.Build.0 = Release|Any CPU
		{4EC4DF38-F590-492C-B47C-B4C216C7114C}.Release|x64.ActiveCfg = Release|Any CPU
		{4EC4DF38-F590-492C-B47C-B4C216C7114C}.Release|x64.Build.0 = Release|Any CPU
		{4EC4DF38-F590-492C-B47C-B4C216C7114C}.Release|x86.ActiveCfg = Release|Any CPU
		{4EC4DF38-F590-492C-B47C-B4C216C7114C}.Release|x86.Build.0 = Release|Any CPU
		{51BB3EBA-6881-4BD1-95EC-FA8FB70C8CC3}.Debug|Any CPU.ActiveCfg = Debug|Any CPU
		{51BB3EBA-6881-4BD1-95EC-FA8FB70C8CC3}.Debug|Any CPU.Build.0 = Debug|Any CPU
		{51BB3EBA-6881-4BD1-95EC-FA8FB70C8CC3}.Debug|x64.ActiveCfg = Debug|Any CPU
		{51BB3EBA-6881-4BD1-95EC-FA8FB70C8CC3}.Debug|x64.Build.0 = Debug|Any CPU
		{51BB3EBA-6881-4BD1-95EC-FA8FB70C8CC3}.Debug|x86.ActiveCfg = Debug|Any CPU
		{51BB3EBA-6881-4BD1-95EC-FA8FB70C8CC3}.Debug|x86.Build.0 = Debug|Any CPU
		{51BB3EBA-6881-4BD1-95EC-FA8FB70C8CC3}.Release|Any CPU.ActiveCfg = Release|Any CPU
		{51BB3EBA-6881-4BD1-95EC-FA8FB70C8CC3}.Release|Any CPU.Build.0 = Release|Any CPU
		{51BB3EBA-6881-4BD1-95EC-FA8FB70C8CC3}.Release|x64.ActiveCfg = Release|Any CPU
		{51BB3EBA-6881-4BD1-95EC-FA8FB70C8CC3}.Release|x64.Build.0 = Release|Any CPU
		{51BB3EBA-6881-4BD1-95EC-FA8FB70C8CC3}.Release|x86.ActiveCfg = Release|Any CPU
		{51BB3EBA-6881-4BD1-95EC-FA8FB70C8CC3}.Release|x86.Build.0 = Release|Any CPU
	EndGlobalSection
	GlobalSection(SolutionProperties) = preSolution
		HideSolutionNode = FALSE
	EndGlobalSection
	GlobalSection(ExtensibilityGlobals) = postSolution
		SolutionGuid = {1F3A496D-0A20-4336-AC6F-19F4A905FADB}
	EndGlobalSection
EndGlobal
